
Microsoft Visual Studio Solution File, Format Version 12.00
Project("{FAE04EC0-301F-11D3-BF4B-00C04F79EFBC}") = "SquadGUI", "SquadGUI\SquadGUI\SquadGUI.csproj", "{38581E56-87DD-44B3-8CB9-786537BCA7A7}"
EndProject
Project("{FAE04EC0-301F-11D3-BF4B-00C04F79EFBC}") = "SquadGUI.Desktop", "SquadGUI\SquadGUI.Desktop\SquadGUI.Desktop.csproj", "{A2D4E315-108D-40E3-A512-D82D7387BDE2}"
EndProject
Project("{FAE04EC0-301F-11D3-BF4B-00C04F79EFBC}") = "SquadGUI.Browser", "SquadGUI\SquadGUI.Browser\SquadGUI.Browser.csproj", "{9277064A-1D48-45C1-87B0-50155750B166}"
EndProject
Global
	GlobalSection(SolutionConfigurationPlatforms) = preSolution
		Debug|Any CPU = Debug|Any CPU
		Release|Any CPU = Release|Any CPU
	EndGlobalSection
	GlobalSection(ProjectConfigurationPlatforms) = postSolution
		{38581E56-87DD-44B3-8CB9-786537BCA7A7}.Debug|Any CPU.ActiveCfg = Debug|Any CPU
		{38581E56-87DD-44B3-8CB9-786537BCA7A7}.Debug|Any CPU.Build.0 = Debug|Any CPU
		{38581E56-87DD-44B3-8CB9-786537BCA7A7}.Release|Any CPU.ActiveCfg = Release|Any CPU
		{38581E56-87DD-44B3-8CB9-786537BCA7A7}.Release|Any CPU.Build.0 = Release|Any CPU
		{A2D4E315-108D-40E3-A512-D82D7387BDE2}.Debug|Any CPU.ActiveCfg = Debug|Any CPU
		{A2D4E315-108D-40E3-A512-D82D7387BDE2}.Debug|Any CPU.Build.0 = Debug|Any CPU
		{A2D4E315-108D-40E3-A512-D82D7387BDE2}.Release|Any CPU.ActiveCfg = Release|Any CPU
		{A2D4E315-108D-40E3-A512-D82D7387BDE2}.Release|Any CPU.Build.0 = Release|Any CPU
		{9277064A-1D48-45C1-87B0-50155750B166}.Debug|Any CPU.ActiveCfg = Debug|Any CPU
		{9277064A-1D48-45C1-87B0-50155750B166}.Debug|Any CPU.Build.0 = Debug|Any CPU
		{9277064A-1D48-45C1-87B0-50155750B166}.Release|Any CPU.ActiveCfg = Release|Any CPU
		{9277064A-1D48-45C1-87B0-50155750B166}.Release|Any CPU.Build.0 = Release|Any CPU
	EndGlobalSection
EndGlobal
